// !$*UTF8*$!
{
	archiveVersion = 1;
	classes = {
	};
	objectVersion = 46;
	objects = {

/* Begin PBXBuildFile section */
		B28591AF1D20CD5C00440D2C /* main.m in Sources */ = {isa = PBXBuildFile; fileRef = B28591AE1D20CD5C00440D2C /* main.m */; };
		B28591B21D20CD5C00440D2C /* AppDelegate.m in Sources */ = {isa = PBXBuildFile; fileRef = B28591B11D20CD5C00440D2C /* AppDelegate.m */; };
		B28591B51D20CD5C00440D2C /* ViewController.m in Sources */ = {isa = PBXBuildFile; fileRef = B28591B41D20CD5C00440D2C /* ViewController.m */; };
		B28591B81D20CD5C00440D2C /* Main.storyboard in Resources */ = {isa = PBXBuildFile; fileRef = B28591B61D20CD5C00440D2C /* Main.storyboard */; };
		B28591BA1D20CD5C00440D2C /* Assets.xcassets in Resources */ = {isa = PBXBuildFile; fileRef = B28591B91D20CD5C00440D2C /* Assets.xcassets */; };
		B28591BD1D20CD5C00440D2C /* LaunchScreen.storyboard in Resources */ = {isa = PBXBuildFile; fileRef = B28591BB1D20CD5C00440D2C /* LaunchScreen.storyboard */; };
		B28591C81D20CD5C00440D2C /* JSPatchTestTests.m in Sources */ = {isa = PBXBuildFile; fileRef = B28591C71D20CD5C00440D2C /* JSPatchTestTests.m */; };
		B28591D31D20CD5C00440D2C /* JSPatchTestUITests.m in Sources */ = {isa = PBXBuildFile; fileRef = B28591D21D20CD5C00440D2C /* JSPatchTestUITests.m */; };
		B28591E11D20CDEA00440D2C /* JSPatch.framework in Frameworks */ = {isa = PBXBuildFile; fileRef = B28591E01D20CDEA00440D2C /* JSPatch.framework */; };
		B28591E41D20CE5900440D2C /* libz.tbd in Frameworks */ = {isa = PBXBuildFile; fileRef = B28591E21D20CE4100440D2C /* libz.tbd */; };
		B28591E61D20CE6600440D2C /* JavaScriptCore.framework in Frameworks */ = {isa = PBXBuildFile; fileRef = B28591E51D20CE6600440D2C /* JavaScriptCore.framework */; };
		B28591E91D20D86000440D2C /* XRTableViewController.m in Sources */ = {isa = PBXBuildFile; fileRef = B28591E81D20D86000440D2C /* XRTableViewController.m */; };
		B28591EC1D20F87E00440D2C /* main.js in Resources */ = {isa = PBXBuildFile; fileRef = B28591EB1D20F87E00440D2C /* main.js */; };
/* End PBXBuildFile section */

/* Begin PBXContainerItemProxy section */
		B28591C41D20CD5C00440D2C /* PBXContainerItemProxy */ = {
			isa = PBXContainerItemProxy;
			containerPortal = B28591A21D20CD5C00440D2C /* Project object */;
			proxyType = 1;
			remoteGlobalIDString = B28591A91D20CD5C00440D2C;
			remoteInfo = JSPatchTest;
		};
		B28591CF1D20CD5C00440D2C /* PBXContainerItemProxy */ = {
			isa = PBXContainerItemProxy;
			containerPortal = B28591A21D20CD5C00440D2C /* Project object */;
			proxyType = 1;
			remoteGlobalIDString = B28591A91D20CD5C00440D2C;
			remoteInfo = JSPatchTest;
		};
/* End PBXContainerItemProxy section */

/* Begin PBXFileReference section */
		B28591AA1D20CD5C00440D2C /* JSPatchTest.app */ = {isa = PBXFileReference; explicitFileType = wrapper.application; includeInIndex = 0; path = JSPatchTest.app; sourceTree = BUILT_PRODUCTS_DIR; };
		B28591AE1D20CD5C00440D2C /* main.m */ = {isa = PBXFileReference; lastKnownFileType = sourcecode.c.objc; path = main.m; sourceTree = "<group>"; };
		B28591B01D20CD5C00440D2C /* AppDelegate.h */ = {isa = PBXFileReference; lastKnownFileType = sourcecode.c.h; path = AppDelegate.h; sourceTree = "<group>"; };
		B28591B11D20CD5C00440D2C /* AppDelegate.m */ = {isa = PBXFileReference; lastKnownFileType = sourcecode.c.objc; path = AppDelegate.m; sourceTree = "<group>"; };
		B28591B31D20CD5C00440D2C /* ViewController.h */ = {isa = PBXFileReference; lastKnownFileType = sourcecode.c.h; path = ViewController.h; sourceTree = "<group>"; };
		B28591B41D20CD5C00440D2C /* ViewController.m */ = {isa = PBXFileReference; lastKnownFileType = sourcecode.c.objc; path = ViewController.m; sourceTree = "<group>"; };
		B28591B71D20CD5C00440D2C /* Base */ = {isa = PBXFileReference; lastKnownFileType = file.storyboard; name = Base; path = Base.lproj/Main.storyboard; sourceTree = "<group>"; };
		B28591B91D20CD5C00440D2C /* Assets.xcassets */ = {isa = PBXFileReference; lastKnownFileType = folder.assetcatalog; path = Assets.xcassets; sourceTree = "<group>"; };
		B28591BC1D20CD5C00440D2C /* Base */ = {isa = PBXFileReference; lastKnownFileType = file.storyboard; name = Base; path = Base.lproj/LaunchScreen.storyboard; sourceTree = "<group>"; };
		B28591BE1D20CD5C00440D2C /* Info.plist */ = {isa = PBXFileReference; lastKnownFileType = text.plist.xml; path = Info.plist; sourceTree = "<group>"; };
		B28591C31D20CD5C00440D2C /* JSPatchTestTests.xctest */ = {isa = PBXFileReference; explicitFileType = wrapper.cfbundle; includeInIndex = 0; path = JSPatchTestTests.xctest; sourceTree = BUILT_PRODUCTS_DIR; };
		B28591C71D20CD5C00440D2C /* JSPatchTestTests.m */ = {isa = PBXFileReference; lastKnownFileType = sourcecode.c.objc; path = JSPatchTestTests.m; sourceTree = "<group>"; };
		B28591C91D20CD5C00440D2C /* Info.plist */ = {isa = PBXFileReference; lastKnownFileType = text.plist.xml; path = Info.plist; sourceTree = "<group>"; };
		B28591CE1D20CD5C00440D2C /* JSPatchTestUITests.xctest */ = {isa = PBXFileReference; explicitFileType = wrapper.cfbundle; includeInIndex = 0; path = JSPatchTestUITests.xctest; sourceTree = BUILT_PRODUCTS_DIR; };
		B28591D21D20CD5C00440D2C /* JSPatchTestUITests.m */ = {isa = PBXFileReference; lastKnownFileType = sourcecode.c.objc; path = JSPatchTestUITests.m; sourceTree = "<group>"; };
		B28591D41D20CD5C00440D2C /* Info.plist */ = {isa = PBXFileReference; lastKnownFileType = text.plist.xml; path = Info.plist; sourceTree = "<group>"; };
		B28591E01D20CDEA00440D2C /* JSPatch.framework */ = {isa = PBXFileReference; lastKnownFileType = wrapper.framework; name = JSPatch.framework; path = JSPatchTest/JSPatch.framework; sourceTree = "<group>"; };
		B28591E21D20CE4100440D2C /* libz.tbd */ = {isa = PBXFileReference; lastKnownFileType = "sourcecode.text-based-dylib-definition"; name = libz.tbd; path = usr/lib/libz.tbd; sourceTree = SDKROOT; };
		B28591E51D20CE6600440D2C /* JavaScriptCore.framework */ = {isa = PBXFileReference; lastKnownFileType = wrapper.framework; name = JavaScriptCore.framework; path = System/Library/Frameworks/JavaScriptCore.framework; sourceTree = SDKROOT; };
		B28591E71D20D86000440D2C /* XRTableViewController.h */ = {isa = PBXFileReference; fileEncoding = 4; lastKnownFileType = sourcecode.c.h; path = XRTableViewController.h; sourceTree = "<group>"; };
		B28591E81D20D86000440D2C /* XRTableViewController.m */ = {isa = PBXFileReference; fileEncoding = 4; lastKnownFileType = sourcecode.c.objc; path = XRTableViewController.m; sourceTree = "<group>"; };
		B28591EB1D20F87E00440D2C /* main.js */ = {isa = PBXFileReference; fileEncoding = 4; lastKnownFileType = sourcecode.javascript; path = main.js; sourceTree = "<group>"; };
/* End PBXFileReference section */

/* Begin PBXFrameworksBuildPhase section */
		B28591A71D20CD5C00440D2C /* Frameworks */ = {
			isa = PBXFrameworksBuildPhase;
			buildActionMask = 2147483647;
			files = (
				B28591E41D20CE5900440D2C /* libz.tbd in Frameworks */,
				B28591E61D20CE6600440D2C /* JavaScriptCore.framework in Frameworks */,
				B28591E11D20CDEA00440D2C /* JSPatch.framework in Frameworks */,
			);
			runOnlyForDeploymentPostprocessing = 0;
		};
		B28591C01D20CD5C00440D2C /* Frameworks */ = {
			isa = PBXFrameworksBuildPhase;
			buildActionMask = 2147483647;
			files = (
			);
			runOnlyForDeploymentPostprocessing = 0;
		};
		B28591CB1D20CD5C00440D2C /* Frameworks */ = {
			isa = PBXFrameworksBuildPhase;
			buildActionMask = 2147483647;
			files = (
			);
			runOnlyForDeploymentPostprocessing = 0;
		};
/* End PBXFrameworksBuildPhase section */

/* Begin PBXGroup section */
		B28591A11D20CD5C00440D2C = {
			isa = PBXGroup;
			children = (
				B28591EA1D20EEE800440D2C /* Framework */,
				B28591AC1D20CD5C00440D2C /* JSPatchTest */,
				B28591C61D20CD5C00440D2C /* JSPatchTestTests */,
				B28591D11D20CD5C00440D2C /* JSPatchTestUITests */,
				B28591AB1D20CD5C00440D2C /* Products */,
			);
			sourceTree = "<group>";
		};
		B28591AB1D20CD5C00440D2C /* Products */ = {
			isa = PBXGroup;
			children = (
				B28591AA1D20CD5C00440D2C /* JSPatchTest.app */,
				B28591C31D20CD5C00440D2C /* JSPatchTestTests.xctest */,
				B28591CE1D20CD5C00440D2C /* JSPatchTestUITests.xctest */,
			);
			name = Products;
			sourceTree = "<group>";
		};
		B28591AC1D20CD5C00440D2C /* JSPatchTest */ = {
			isa = PBXGroup;
			children = (
				B28591B01D20CD5C00440D2C /* AppDelegate.h */,
				B28591B11D20CD5C00440D2C /* AppDelegate.m */,
				B28591B31D20CD5C00440D2C /* ViewController.h */,
				B28591B41D20CD5C00440D2C /* ViewController.m */,
				B28591E71D20D86000440D2C /* XRTableViewController.h */,
				B28591E81D20D86000440D2C /* XRTableViewController.m */,
				B28591B61D20CD5C00440D2C /* Main.storyboard */,
				B28591B91D20CD5C00440D2C /* Assets.xcassets */,
				B28591BB1D20CD5C00440D2C /* LaunchScreen.storyboard */,
				B28591BE1D20CD5C00440D2C /* Info.plist */,
				B28591AD1D20CD5C00440D2C /* Supporting Files */,
				B28591EB1D20F87E00440D2C /* main.js */,
			);
			path = JSPatchTest;
			sourceTree = "<group>";
		};
		B28591AD1D20CD5C00440D2C /* Supporting Files */ = {
			isa = PBXGroup;
			children = (
				B28591AE1D20CD5C00440D2C /* main.m */,
			);
			name = "Supporting Files";
			sourceTree = "<group>";
		};
		B28591C61D20CD5C00440D2C /* JSPatchTestTests */ = {
			isa = PBXGroup;
			children = (
				B28591C71D20CD5C00440D2C /* JSPatchTestTests.m */,
				B28591C91D20CD5C00440D2C /* Info.plist */,
			);
			path = JSPatchTestTests;
			sourceTree = "<group>";
		};
		B28591D11D20CD5C00440D2C /* JSPatchTestUITests */ = {
			isa = PBXGroup;
			children = (
				B28591D21D20CD5C00440D2C /* JSPatchTestUITests.m */,
				B28591D41D20CD5C00440D2C /* Info.plist */,
			);
			path = JSPatchTestUITests;
			sourceTree = "<group>";
		};
		B28591EA1D20EEE800440D2C /* Framework */ = {
			isa = PBXGroup;
			children = (
				B28591E51D20CE6600440D2C /* JavaScriptCore.framework */,
				B28591E21D20CE4100440D2C /* libz.tbd */,
				B28591E01D20CDEA00440D2C /* JSPatch.framework */,
			);
			name = Framework;
			sourceTree = "<group>";
		};
/* End PBXGroup section */

/* Begin PBXNativeTarget section */
		B28591A91D20CD5C00440D2C /* JSPatchTest */ = {
			isa = PBXNativeTarget;
			buildConfigurationList = B28591D71D20CD5D00440D2C /* Build configuration list for PBXNativeTarget "JSPatchTest" */;
			buildPhases = (
				B28591A61D20CD5C00440D2C /* Sources */,
				B28591A71D20CD5C00440D2C /* Frameworks */,
				B28591A81D20CD5C00440D2C /* Resources */,
			);
			buildRules = (
			);
			dependencies = (
			);
			name = JSPatchTest;
			productName = JSPatchTest;
			productReference = B28591AA1D20CD5C00440D2C /* JSPatchTest.app */;
			productType = "com.apple.product-type.application";
		};
		B28591C21D20CD5C00440D2C /* JSPatchTestTests */ = {
			isa = PBXNativeTarget;
			buildConfigurationList = B28591DA1D20CD5D00440D2C /* Build configuration list for PBXNativeTarget "JSPatchTestTests" */;
			buildPhases = (
				B28591BF1D20CD5C00440D2C /* Sources */,
				B28591C01D20CD5C00440D2C /* Frameworks */,
				B28591C11D20CD5C00440D2C /* Resources */,
			);
			buildRules = (
			);
			dependencies = (
				B28591C51D20CD5C00440D2C /* PBXTargetDependency */,
			);
			name = JSPatchTestTests;
			productName = JSPatchTestTests;
			productReference = B28591C31D20CD5C00440D2C /* JSPatchTestTests.xctest */;
			productType = "com.apple.product-type.bundle.unit-test";
		};
		B28591CD1D20CD5C00440D2C /* JSPatchTestUITests */ = {
			isa = PBXNativeTarget;
			buildConfigurationList = B28591DD1D20CD5D00440D2C /* Build configuration list for PBXNativeTarget "JSPatchTestUITests" */;
			buildPhases = (
				B28591CA1D20CD5C00440D2C /* Sources */,
				B28591CB1D20CD5C00440D2C /* Frameworks */,
				B28591CC1D20CD5C00440D2C /* Resources */,
			);
			buildRules = (
			);
			dependencies = (
				B28591D01D20CD5C00440D2C /* PBXTargetDependency */,
			);
			name = JSPatchTestUITests;
			productName = JSPatchTestUITests;
			productReference = B28591CE1D20CD5C00440D2C /* JSPatchTestUITests.xctest */;
			productType = "com.apple.product-type.bundle.ui-testing";
		};
/* End PBXNativeTarget section */

/* Begin PBXProject section */
		B28591A21D20CD5C00440D2C /* Project object */ = {
			isa = PBXProject;
			attributes = {
				LastUpgradeCheck = 0730;
				ORGANIZATIONNAME = njm;
				TargetAttributes = {
					B28591A91D20CD5C00440D2C = {
						CreatedOnToolsVersion = 7.3.1;
					};
					B28591C21D20CD5C00440D2C = {
						CreatedOnToolsVersion = 7.3.1;
						TestTargetID = B28591A91D20CD5C00440D2C;
					};
					B28591CD1D20CD5C00440D2C = {
						CreatedOnToolsVersion = 7.3.1;
						TestTargetID = B28591A91D20CD5C00440D2C;
					};
				};
			};
			buildConfigurationList = B28591A51D20CD5C00440D2C /* Build configuration list for PBXProject "JSPatchTest" */;
			compatibilityVersion = "Xcode 3.2";
			developmentRegion = English;
			hasScannedForEncodings = 0;
			knownRegions = (
				en,
				Base,
			);
			mainGroup = B28591A11D20CD5C00440D2C;
			productRefGroup = B28591AB1D20CD5C00440D2C /* Products */;
			projectDirPath = "";
			projectRoot = "";
			targets = (
				B28591A91D20CD5C00440D2C /* JSPatchTest */,
				B28591C21D20CD5C00440D2C /* JSPatchTestTests */,
				B28591CD1D20CD5C00440D2C /* JSPatchTestUITests */,
			);
		};
/* End PBXProject section */

/* Begin PBXResourcesBuildPhase section */
		B28591A81D20CD5C00440D2C /* Resources */ = {
			isa = PBXResourcesBuildPhase;
			buildActionMask = 2147483647;
			files = (
				B28591BD1D20CD5C00440D2C /* LaunchScreen.storyboard in Resources */,
				B28591BA1D20CD5C00440D2C /* Assets.xcassets in Resources */,
				B28591B81D20CD5C00440D2C /* Main.storyboard in Resources */,
				B28591EC1D20F87E00440D2C /* main.js in Resources */,
			);
			runOnlyForDeploymentPostprocessing = 0;
		};
		B28591C11D20CD5C00440D2C /* Resources */ = {
			isa = PBXResourcesBuildPhase;
			buildActionMask = 2147483647;
			files = (
			);
			runOnlyForDeploymentPostprocessing = 0;
		};
		B28591CC1D20CD5C00440D2C /* Resources */ = {
			isa = PBXResourcesBuildPhase;
			buildActionMask = 2147483647;
			files = (
			);
			runOnlyForDeploymentPostprocessing = 0;
		};
/* End PBXResourcesBuildPhase section */

/* Begin PBXSourcesBuildPhase section */
		B28591A61D20CD5C00440D2C /* Sources */ = {
			isa = PBXSourcesBuildPhase;
			buildActionMask = 2147483647;
			files = (
				B28591B51D20CD5C00440D2C /* ViewController.m in Sources */,
				B28591B21D20CD5C00440D2C /* AppDelegate.m in Sources */,
				B28591AF1D20CD5C00440D2C /* main.m in Sources */,
				B28591E91D20D86000440D2C /* XRTableViewController.m in Sources */,
			);
			runOnlyForDeploymentPostprocessing = 0;
		};
		B28591BF1D20CD5C00440D2C /* Sources */ = {
			isa = PBXSourcesBuildPhase;
			buildActionMask = 2147483647;
			files = (
				B28591C81D20CD5C00440D2C /* JSPatchTestTests.m in Sources */,
			);
			runOnlyForDeploymentPostprocessing = 0;
		};
		B28591CA1D20CD5C00440D2C /* Sources */ = {
			isa = PBXSourcesBuildPhase;
			buildActionMask = 2147483647;
			files = (
				B28591D31D20CD5C00440D2C /* JSPatchTestUITests.m in Sources */,
			);
			runOnlyForDeploymentPostprocessing = 0;
		};
/* End PBXSourcesBuildPhase section */

/* Begin PBXTargetDependency section */
		B28591C51D20CD5C00440D2C /* PBXTargetDependency */ = {
			isa = PBXTargetDependency;
			target = B28591A91D20CD5C00440D2C /* JSPatchTest */;
			targetProxy = B28591C41D20CD5C00440D2C /* PBXContainerItemProxy */;
		};
		B28591D01D20CD5C00440D2C /* PBXTargetDependency */ = {
			isa = PBXTargetDependency;
			target = B28591A91D20CD5C00440D2C /* JSPatchTest */;
			targetProxy = B28591CF1D20CD5C00440D2C /* PBXContainerItemProxy */;
		};
/* End PBXTargetDependency section */

/* Begin PBXVariantGroup section */
		B28591B61D20CD5C00440D2C /* Main.storyboard */ = {
			isa = PBXVariantGroup;
			children = (
				B28591B71D20CD5C00440D2C /* Base */,
			);
			name = Main.storyboard;
			sourceTree = "<group>";
		};
		B28591BB1D20CD5C00440D2C /* LaunchScreen.storyboard */ = {
			isa = PBXVariantGroup;
			children = (
				B28591BC1D20CD5C00440D2C /* Base */,
			);
			name = LaunchScreen.storyboard;
			sourceTree = "<group>";
		};
/* End PBXVariantGroup section */

/* Begin XCBuildConfiguration section */
		B28591D51D20CD5D00440D2C /* Debug */ = {
			isa = XCBuildConfiguration;
			buildSettings = {
				ALWAYS_SEARCH_USER_PATHS = NO;
				CLANG_ANALYZER_NONNULL = YES;
				CLANG_CXX_LANGUAGE_STANDARD = "gnu++0x";
				CLANG_CXX_LIBRARY = "libc++";
				CLANG_ENABLE_MODULES = YES;
				CLANG_ENABLE_OBJC_ARC = YES;
				CLANG_WARN_BOOL_CONVERSION = YES;
				CLANG_WARN_CONSTANT_CONVERSION = YES;
				CLANG_WARN_DIRECT_OBJC_ISA_USAGE = YES_ERROR;
				CLANG_WARN_EMPTY_BODY = YES;
				CLANG_WARN_ENUM_CONVERSION = YES;
				CLANG_WARN_INT_CONVERSION = YES;
				CLANG_WARN_OBJC_ROOT_CLASS = YES_ERROR;
				CLANG_WARN_UNREACHABLE_CODE = YES;
				CLANG_WARN__DUPLICATE_METHOD_MATCH = YES;
				"CODE_SIGN_IDENTITY[sdk=iphoneos*]" = "iPhone Developer";
				COPY_PHASE_STRIP = NO;
				DEBUG_INFORMATION_FORMAT = dwarf;
				ENABLE_STRICT_OBJC_MSGSEND = YES;
				ENABLE_TESTABILITY = YES;
				GCC_C_LANGUAGE_STANDARD = gnu99;
				GCC_DYNAMIC_NO_PIC = NO;
				GCC_NO_COMMON_BLOCKS = YES;
				GCC_OPTIMIZATION_LEVEL = 0;
				GCC_PREPROCESSOR_DEFINITIONS = (
					"DEBUG=1",
					"$(inherited)",
				);
				GCC_WARN_64_TO_32_BIT_CONVERSION = YES;
				GCC_WARN_ABOUT_RETURN_TYPE = YES_ERROR;
				GCC_WARN_UNDECLARED_SELECTOR = YES;
				GCC_WARN_UNINITIALIZED_AUTOS = YES_AGGRESSIVE;
				GCC_WARN_UNUSED_FUNCTION = YES;
				GCC_WARN_UNUSED_VARIABLE = YES;
				IPHONEOS_DEPLOYMENT_TARGET = 9.3;
				MTL_ENABLE_DEBUG_INFO = YES;
				ONLY_ACTIVE_ARCH = YES;
				SDKROOT = iphoneos;
				TARGETED_DEVICE_FAMILY = "1,2";
			};
			name = Debug;
		};
		B28591D61D20CD5D00440D2C /* Release */ = {
			isa = XCBuildConfiguration;
			buildSettings = {
				ALWAYS_SEARCH_USER_PATHS = NO;
				CLANG_ANALYZER_NONNULL = YES;
				CLANG_CXX_LANGUAGE_STANDARD = "gnu++0x";
				CLANG_CXX_LIBRARY = "libc++";
				CLANG_ENABLE_MODULES = YES;
				CLANG_ENABLE_OBJC_ARC = YES;
				CLANG_WARN_BOOL_CONVERSION = YES;
				CLANG_WARN_CONSTANT_CONVERSION = YES;
				CLANG_WARN_DIRECT_OBJC_ISA_USAGE = YES_ERROR;
				CLANG_WARN_EMPTY_BODY = YES;
				CLANG_WARN_ENUM_CONVERSION = YES;
				CLANG_WARN_INT_CONVERSION = YES;
				CLANG_WARN_OBJC_ROOT_CLASS = YES_ERROR;
				CLANG_WARN_UNREACHABLE_CODE = YES;
				CLANG_WARN__DUPLICATE_METHOD_MATCH = YES;
				"CODE_SIGN_IDENTITY[sdk=iphoneos*]" = "iPhone Developer";
				COPY_PHASE_STRIP = NO;
				DEBUG_INFORMATION_FORMAT = "dwarf-with-dsym";
				ENABLE_NS_ASSERTIONS = NO;
				ENABLE_STRICT_OBJC_MSGSEND = YES;
				GCC_C_LANGUAGE_STANDARD = gnu99;
				GCC_NO_COMMON_BLOCKS = YES;
				GCC_WARN_64_TO_32_BIT_CONVERSION = YES;
				GCC_WARN_ABOUT_RETURN_TYPE = YES_ERROR;
				GCC_WARN_UNDECLARED_SELECTOR = YES;
				GCC_WARN_UNINITIALIZED_AUTOS = YES_AGGRESSIVE;
				GCC_WARN_UNUSED_FUNCTION = YES;
				GCC_WARN_UNUSED_VARIABLE = YES;
				IPHONEOS_DEPLOYMENT_TARGET = 9.3;
				MTL_ENABLE_DEBUG_INFO = NO;
				SDKROOT = iphoneos;
				TARGETED_DEVICE_FAMILY = "1,2";
				VALIDATE_PRODUCT = YES;
			};
			name = Release;
		};
		B28591D81D20CD5D00440D2C /* Debug */ = {
			isa = XCBuildConfiguration;
			buildSettings = {
				ASSETCATALOG_COMPILER_APPICON_NAME = AppIcon;
				FRAMEWORK_SEARCH_PATHS = (
					"$(inherited)",
					"$(PROJECT_DIR)/JSPatchTest",
				);
				INFOPLIST_FILE = JSPatchTest/Info.plist;
				LD_RUNPATH_SEARCH_PATHS = "$(inherited) @executable_path/Frameworks";
				PRODUCT_BUNDLE_IDENTIFIER = com.njm.JSPatchTest;
				PRODUCT_NAME = "$(TARGET_NAME)";
			};
			name = Debug;
		};
		B28591D91D20CD5D00440D2C /* Release */ = {
			isa = XCBuildConfiguration;
			buildSettings = {
				ASSETCATALOG_COMPILER_APPICON_NAME = AppIcon;
				FRAMEWORK_SEARCH_PATHS = (
					"$(inherited)",
					"$(PROJECT_DIR)/JSPatchTest",
				);
				INFOPLIST_FILE = JSPatchTest/Info.plist;
				LD_RUNPATH_SEARCH_PATHS = "$(inherited) @executable_path/Frameworks";
				PRODUCT_BUNDLE_IDENTIFIER = com.njm.JSPatchTest;
				PRODUCT_NAME = "$(TARGET_NAME)";
			};
			name = Release;
		};
		B28591DB1D20CD5D00440D2C /* Debug */ = {
			isa = XCBuildConfiguration;
			buildSettings = {
				BUNDLE_LOADER = "$(TEST_HOST)";
				INFOPLIST_FILE = JSPatchTestTests/Info.plist;
				LD_RUNPATH_SEARCH_PATHS = "$(inherited) @executable_path/Frameworks @loader_path/Frameworks";
				PRODUCT_BUNDLE_IDENTIFIER = com.njm.JSPatchTestTests;
				PRODUCT_NAME = "$(TARGET_NAME)";
				TEST_HOST = "$(BUILT_PRODUCTS_DIR)/JSPatchTest.app/JSPatchTest";
			};
			name = Debug;
		};
		B28591DC1D20CD5D00440D2C /* Release */ = {
			isa = XCBuildConfiguration;
			buildSettings = {
				BUNDLE_LOADER = "$(TEST_HOST)";
				INFOPLIST_FILE = JSPatchTestTests/Info.plist;
				LD_RUNPATH_SEARCH_PATHS = "$(inherited) @executable_path/Frameworks @loader_path/Frameworks";
				PRODUCT_BUNDLE_IDENTIFIER = com.njm.JSPatchTestTests;
				PRODUCT_NAME = "$(TARGET_NAME)";
				TEST_HOST = "$(BUILT_PRODUCTS_DIR)/JSPatchTest.app/JSPatchTest";
			};
			name = Release;
		};
		B28591DE1D20CD5D00440D2C /* Debug */ = {
			isa = XCBuildConfiguration;
			buildSettings = {
				INFOPLIST_FILE = JSPatchTestUITests/Info.plist;
				LD_RUNPATH_SEARCH_PATHS = "$(inherited) @executable_path/Frameworks @loader_path/Frameworks";
				PRODUCT_BUNDLE_IDENTIFIER = com.njm.JSPatchTestUITests;
				PRODUCT_NAME = "$(TARGET_NAME)";
				TEST_TARGET_NAME = JSPatchTest;
			};
			name = Debug;
		};
		B28591DF1D20CD5D00440D2C /* Release */ = {
			isa = XCBuildConfiguration;
			buildSettings = {
				INFOPLIST_FILE = JSPatchTestUITests/Info.plist;
				LD_RUNPATH_SEARCH_PATHS = "$(inherited) @executable_path/Frameworks @loader_path/Frameworks";
				PRODUCT_BUNDLE_IDENTIFIER = com.njm.JSPatchTestUITests;
				PRODUCT_NAME = "$(TARGET_NAME)";
				TEST_TARGET_NAME = JSPatchTest;
			};
			name = Release;
		};
/* End XCBuildConfiguration section */

/* Begin XCConfigurationList section */
		B28591A51D20CD5C00440D2C /* Build configuration list for PBXProject "JSPatchTest" */ = {
			isa = XCConfigurationList;
			buildConfigurations = (
				B28591D51D20CD5D00440D2C /* Debug */,
				B28591D61D20CD5D00440D2C /* Release */,
			);
			defaultConfigurationIsVisible = 0;
			defaultConfigurationName = Release;
		};
		B28591D71D20CD5D00440D2C /* Build configuration list for PBXNativeTarget "JSPatchTest" */ = {
			isa = XCConfigurationList;
			buildConfigurations = (
				B28591D81D20CD5D00440D2C /* Debug */,
				B28591D91D20CD5D00440D2C /* Release */,
			);
			defaultConfigurationIsVisible = 0;
		};
		B28591DA1D20CD5D00440D2C /* Build configuration list for PBXNativeTarget "JSPatchTestTests" */ = {
			isa = XCConfigurationList;
			buildConfigurations = (
				B28591DB1D20CD5D00440D2C /* Debug */,
				B28591DC1D20CD5D00440D2C /* Release */,
			);
			defaultConfigurationIsVisible = 0;
		};
		B28591DD1D20CD5D00440D2C /* Build configuration list for PBXNativeTarget "JSPatchTestUITests" */ = {
			isa = XCConfigurationList;
			buildConfigurations = (
				B28591DE1D20CD5D00440D2C /* Debug */,
				B28591DF1D20CD5D00440D2C /* Release */,
			);
			defaultConfigurationIsVisible = 0;
		};
/* End XCConfigurationList section */
	};
	rootObject = B28591A21D20CD5C00440D2C /* Project object */;
}
